
Microsoft Visual Studio Solution File, Format Version 12.00
# Visual Studio 2013
VisualStudioVersion = 12.0.40629.0
MinimumVisualStudioVersion = 10.0.40219.1
Project("{FAE04EC0-301F-11D3-BF4B-00C04F79EFBC}") = "OddsGGPages", "OddsGG\OddsGGPages.csproj", "{54418D34-75E7-4000-9749-65D485700ED6}"
EndProject
Project("{FAE04EC0-301F-11D3-BF4B-00C04F79EFBC}") = "OddsGGTests", "OddGG_MainPage_Tests\OddsGGTests.csproj", "{80C038E0-AE40-4E88-855E-CFFE2FFF7214}"
EndProject
Global
	GlobalSection(SolutionConfigurationPlatforms) = preSolution
		Debug|Any CPU = Debug|Any CPU
		Release|Any CPU = Release|Any CPU
	EndGlobalSection
	GlobalSection(ProjectConfigurationPlatforms) = postSolution
		{54418D34-75E7-4000-9749-65D485700ED6}.Debug|Any CPU.ActiveCfg = Debug|Any CPU
		{54418D34-75E7-4000-9749-65D485700ED6}.Debug|Any CPU.Build.0 = Debug|Any CPU
		{54418D34-75E7-4000-9749-65D485700ED6}.Release|Any CPU.ActiveCfg = Release|Any CPU
		{54418D34-75E7-4000-9749-65D485700ED6}.Release|Any CPU.Build.0 = Release|Any CPU
		{80C038E0-AE40-4E88-855E-CFFE2FFF7214}.Debug|Any CPU.ActiveCfg = Debug|Any CPU
		{80C038E0-AE40-4E88-855E-CFFE2FFF7214}.Debug|Any CPU.Build.0 = Debug|Any CPU
		{80C038E0-AE40-4E88-855E-CFFE2FFF7214}.Release|Any CPU.ActiveCfg = Release|Any CPU
		{80C038E0-AE40-4E88-855E-CFFE2FFF7214}.Release|Any CPU.Build.0 = Release|Any CPU
	EndGlobalSection
	GlobalSection(SolutionProperties) = preSolution
		HideSolutionNode = FALSE
	EndGlobalSection
EndGlobal
